
Microsoft Visual Studio Solution File, Format Version 12.00
# Visual Studio Version 17
VisualStudioVersion = 17.2.32630.192
MinimumVisualStudioVersion = 10.0.40219.1
Project("{9A19103F-16F7-4668-BE54-9A1E7A4F7556}") = "CabInvoiceGenerator", "CabInvoiceGenerator.csproj", "{5A470B20-7374-42B0-84D8-136D1C803371}"
EndProject
Project("{FAE04EC0-301F-11D3-BF4B-00C04F79EFBC}") = "CabInvoiceGeneratorTest", "..\TestProject3\CabInvoiceGeneratorTest.csproj", "{01CDE920-D0F5-42F3-AC0C-7D31BB427BC3}"
EndProject
Global
	GlobalSection(SolutionConfigurationPlatforms) = preSolution
		Debug|Any CPU = Debug|Any CPU
		Release|Any CPU = Release|Any CPU
	EndGlobalSection
	GlobalSection(ProjectConfigurationPlatforms) = postSolution
		{5A470B20-7374-42B0-84D8-136D1C803371}.Debug|Any CPU.ActiveCfg = Debug|Any CPU
		{5A470B20-7374-42B0-84D8-136D1C803371}.Debug|Any CPU.Build.0 = Debug|Any CPU
		{5A470B20-7374-42B0-84D8-136D1C803371}.Release|Any CPU.ActiveCfg = Release|Any CPU
		{5A470B20-7374-42B0-84D8-136D1C803371}.Release|Any CPU.Build.0 = Release|Any CPU
		{01CDE920-D0F5-42F3-AC0C-7D31BB427BC3}.Debug|Any CPU.ActiveCfg = Debug|Any CPU
		{01CDE920-D0F5-42F3-AC0C-7D31BB427BC3}.Debug|Any CPU.Build.0 = Debug|Any CPU
		{01CDE920-D0F5-42F3-AC0C-7D31BB427BC3}.Release|Any CPU.ActiveCfg = Release|Any CPU
		{01CDE920-D0F5-42F3-AC0C-7D31BB427BC3}.Release|Any CPU.Build.0 = Release|Any CPU
	EndGlobalSection
	GlobalSection(SolutionProperties) = preSolution
		HideSolutionNode = FALSE
	EndGlobalSection
	GlobalSection(ExtensibilityGlobals) = postSolution
		SolutionGuid = {AFC83A0D-58F7-4219-9C89-FD15D7626550}
	EndGlobalSection
EndGlobal
